
Microsoft Visual Studio Solution File, Format Version 12.00
# Visual Studio Version 16
VisualStudioVersion = 16.0.30330.147
MinimumVisualStudioVersion = 10.0.40219.1
Project("{FAE04EC0-301F-11D3-BF4B-00C04F79EFBC}") = "Encriptador.Presentación", "Encriptador.Presentación\Encriptador.Presentación.csproj", "{93CD17BE-F884-40E4-8901-CB6A767259AD}"
EndProject
Project("{FAE04EC0-301F-11D3-BF4B-00C04F79EFBC}") = "Encriptador.Entidades", "Encriptador.Entidades\Encriptador.Entidades.csproj", "{6798C75B-7C3A-49D8-95DA-BD453AC76341}"
EndProject
Global
	GlobalSection(SolutionConfigurationPlatforms) = preSolution
		Debug|Any CPU = Debug|Any CPU
		Release|Any CPU = Release|Any CPU
	EndGlobalSection
	GlobalSection(ProjectConfigurationPlatforms) = postSolution
		{93CD17BE-F884-40E4-8901-CB6A767259AD}.Debug|Any CPU.ActiveCfg = Debug|Any CPU
		{93CD17BE-F884-40E4-8901-CB6A767259AD}.Debug|Any CPU.Build.0 = Debug|Any CPU
		{93CD17BE-F884-40E4-8901-CB6A767259AD}.Release|Any CPU.ActiveCfg = Release|Any CPU
		{93CD17BE-F884-40E4-8901-CB6A767259AD}.Release|Any CPU.Build.0 = Release|Any CPU
		{6798C75B-7C3A-49D8-95DA-BD453AC76341}.Debug|Any CPU.ActiveCfg = Debug|Any CPU
		{6798C75B-7C3A-49D8-95DA-BD453AC76341}.Debug|Any CPU.Build.0 = Debug|Any CPU
		{6798C75B-7C3A-49D8-95DA-BD453AC76341}.Release|Any CPU.ActiveCfg = Release|Any CPU
		{6798C75B-7C3A-49D8-95DA-BD453AC76341}.Release|Any CPU.Build.0 = Release|Any CPU
	EndGlobalSection
	GlobalSection(SolutionProperties) = preSolution
		HideSolutionNode = FALSE
	EndGlobalSection
	GlobalSection(ExtensibilityGlobals) = postSolution
		SolutionGuid = {D9A7B8B8-4958-4E61-A596-A886038B3865}
	EndGlobalSection
EndGlobal
